
Microsoft Visual Studio Solution File, Format Version 12.00
# Visual Studio Version 17
VisualStudioVersion = 17.2.32519.379
MinimumVisualStudioVersion = 10.0.40219.1
Project("{FAE04EC0-301F-11D3-BF4B-00C04F79EFBC}") = "DataTypes", "DataTypes\DataTypes.csproj", "{71B8AEC4-5B74-4323-B11F-83C5D8F63226}"
EndProject
Global
	GlobalSection(SolutionConfigurationPlatforms) = preSolution
		Debug|Any CPU = Debug|Any CPU
		Release|Any CPU = Release|Any CPU
	EndGlobalSection
	GlobalSection(ProjectConfigurationPlatforms) = postSolution
		{71B8AEC4-5B74-4323-B11F-83C5D8F63226}.Debug|Any CPU.ActiveCfg = Debug|Any CPU
		{71B8AEC4-5B74-4323-B11F-83C5D8F63226}.Debug|Any CPU.Build.0 = Debug|Any CPU
		{71B8AEC4-5B74-4323-B11F-83C5D8F63226}.Release|Any CPU.ActiveCfg = Release|Any CPU
		{71B8AEC4-5B74-4323-B11F-83C5D8F63226}.Release|Any CPU.Build.0 = Release|Any CPU
	EndGlobalSection
	GlobalSection(SolutionProperties) = preSolution
		HideSolutionNode = FALSE
	EndGlobalSection
	GlobalSection(ExtensibilityGlobals) = postSolution
		SolutionGuid = {C4D24ED1-1A9B-4352-81EC-EF51B83FA583}
	EndGlobalSection
EndGlobal
